
Microsoft Visual Studio Solution File, Format Version 12.00
# Visual Studio 15
VisualStudioVersion = 15.0.28307.168
MinimumVisualStudioVersion = 10.0.40219.1
Project("{FAE04EC0-301F-11D3-BF4B-00C04F79EFBC}") = "MVCRockers", "MVCRockers\MVCRockers.csproj", "{DB98A1BA-B748-49F6-B038-9B45EF6CDE2A}"
EndProject
Project("{FAE04EC0-301F-11D3-BF4B-00C04F79EFBC}") = "MVCRockers.Tests", "MVCRockers.Tests\MVCRockers.Tests.csproj", "{62DBFDB0-66A8-437A-A1BC-1B49865965E1}"
EndProject
Global
	GlobalSection(SolutionConfigurationPlatforms) = preSolution
		Debug|Any CPU = Debug|Any CPU
		Release|Any CPU = Release|Any CPU
	EndGlobalSection
	GlobalSection(ProjectConfigurationPlatforms) = postSolution
		{DB98A1BA-B748-49F6-B038-9B45EF6CDE2A}.Debug|Any CPU.ActiveCfg = Debug|Any CPU
		{DB98A1BA-B748-49F6-B038-9B45EF6CDE2A}.Debug|Any CPU.Build.0 = Debug|Any CPU
		{DB98A1BA-B748-49F6-B038-9B45EF6CDE2A}.Release|Any CPU.ActiveCfg = Release|Any CPU
		{DB98A1BA-B748-49F6-B038-9B45EF6CDE2A}.Release|Any CPU.Build.0 = Release|Any CPU
		{62DBFDB0-66A8-437A-A1BC-1B49865965E1}.Debug|Any CPU.ActiveCfg = Debug|Any CPU
		{62DBFDB0-66A8-437A-A1BC-1B49865965E1}.Debug|Any CPU.Build.0 = Debug|Any CPU
		{62DBFDB0-66A8-437A-A1BC-1B49865965E1}.Release|Any CPU.ActiveCfg = Release|Any CPU
		{62DBFDB0-66A8-437A-A1BC-1B49865965E1}.Release|Any CPU.Build.0 = Release|Any CPU
	EndGlobalSection
	GlobalSection(SolutionProperties) = preSolution
		HideSolutionNode = FALSE
	EndGlobalSection
	GlobalSection(ExtensibilityGlobals) = postSolution
		SolutionGuid = {80759CB6-2D95-4481-8906-9761753EE909}
	EndGlobalSection
EndGlobal
